{
  "requires": true,
  "lockfileVersion": 1,
  "dependencies": {
    "amplitudejs": {
      "version": "5.0.2",
      "resolved": "https://registry.npmjs.org/amplitudejs/-/amplitudejs-5.0.2.tgz",
      "integrity": "sha512-NBrWUmmIocAbjfUHbNctHiC5Ip/uo4B+eqmvJEufmplmXE0SDLt++DK5u7sTE0ilH68+/5MuOKrRacg8SLt7Zg=="
    }
  }
}
